
Microsoft Visual Studio Solution File, Format Version 12.00
# Visual Studio Version 16
VisualStudioVersion = 16.0.30907.101
MinimumVisualStudioVersion = 10.0.40219.1
Project("{9A19103F-16F7-4668-BE54-9A1E7A4F7556}") = "CursoCsharp", "CursoCsharp.csproj", "{1551A75F-4C0B-466E-9AF0-739A6A62BE0E}"
EndProject
Global
	GlobalSection(SolutionConfigurationPlatforms) = preSolution
		Debug|Any CPU = Debug|Any CPU
		Release|Any CPU = Release|Any CPU
	EndGlobalSection
	GlobalSection(ProjectConfigurationPlatforms) = postSolution
		{1551A75F-4C0B-466E-9AF0-739A6A62BE0E}.Debug|Any CPU.ActiveCfg = Debug|Any CPU
		{1551A75F-4C0B-466E-9AF0-739A6A62BE0E}.Debug|Any CPU.Build.0 = Debug|Any CPU
		{1551A75F-4C0B-466E-9AF0-739A6A62BE0E}.Release|Any CPU.ActiveCfg = Release|Any CPU
		{1551A75F-4C0B-466E-9AF0-739A6A62BE0E}.Release|Any CPU.Build.0 = Release|Any CPU
	EndGlobalSection
	GlobalSection(SolutionProperties) = preSolution
		HideSolutionNode = FALSE
	EndGlobalSection
	GlobalSection(ExtensibilityGlobals) = postSolution
		SolutionGuid = {E3E67737-B30A-4BC2-84DB-FF7C36D136F4}
	EndGlobalSection
EndGlobal
